
Microsoft Visual Studio Solution File, Format Version 12.00
# Visual Studio Version 16
VisualStudioVersion = 16.0.31105.61
MinimumVisualStudioVersion = 10.0.40219.1
Project("{FAE04EC0-301F-11D3-BF4B-00C04F79EFBC}") = "RestaurantRater", "RestaurantRater\RestaurantRater.csproj", "{C04F62AC-44B5-43F1-BB33-7BB176804363}"
EndProject
Global
	GlobalSection(SolutionConfigurationPlatforms) = preSolution
		Debug|Any CPU = Debug|Any CPU
		Release|Any CPU = Release|Any CPU
	EndGlobalSection
	GlobalSection(ProjectConfigurationPlatforms) = postSolution
		{C04F62AC-44B5-43F1-BB33-7BB176804363}.Debug|Any CPU.ActiveCfg = Debug|Any CPU
		{C04F62AC-44B5-43F1-BB33-7BB176804363}.Debug|Any CPU.Build.0 = Debug|Any CPU
		{C04F62AC-44B5-43F1-BB33-7BB176804363}.Release|Any CPU.ActiveCfg = Release|Any CPU
		{C04F62AC-44B5-43F1-BB33-7BB176804363}.Release|Any CPU.Build.0 = Release|Any CPU
	EndGlobalSection
	GlobalSection(SolutionProperties) = preSolution
		HideSolutionNode = FALSE
	EndGlobalSection
	GlobalSection(ExtensibilityGlobals) = postSolution
		SolutionGuid = {4FDE99EC-47AE-4439-B8D1-D6C581200C4F}
	EndGlobalSection
EndGlobal
